
Microsoft Visual Studio Solution File, Format Version 12.00
Project("{FAE04EC0-301F-11D3-BF4B-00C04F79EFBC}") = "WebApp", "WebApp\WebApp.csproj", "{15376CE1-E815-43DE-9C03-E973B461ACEC}"
EndProject
Project("{2150E333-8FDC-42A3-9474-1A3956D46DE8}") = "DAL", "DAL", "{5A28D33B-28E5-4287-8B86-A4672B0F7D1F}"
EndProject
Project("{FAE04EC0-301F-11D3-BF4B-00C04F79EFBC}") = "DAL.Base", "DAL.Base\DAL.Base.csproj", "{CC48F64F-988B-45FD-BBCD-288EE847530D}"
EndProject
Project("{FAE04EC0-301F-11D3-BF4B-00C04F79EFBC}") = "DAL.Base.EF", "DAL.Base.EF\DAL.Base.EF.csproj", "{919F3B09-643F-4E11-8310-44FC15C69E3B}"
EndProject
Project("{FAE04EC0-301F-11D3-BF4B-00C04F79EFBC}") = "DAL.App.EF", "DAL.App.EF\DAL.App.EF.csproj", "{C5CEA70E-9A96-4878-821D-97B2CA749F91}"
EndProject
Project("{FAE04EC0-301F-11D3-BF4B-00C04F79EFBC}") = "Domain.App", "Domain.App\Domain.App.csproj", "{5FDE7E06-24CB-41A5-A959-67FE935E4E20}"
EndProject
Project("{FAE04EC0-301F-11D3-BF4B-00C04F79EFBC}") = "Domain.Base", "Domain.Base\Domain.Base.csproj", "{7D6CF286-BB34-440D-844B-41505EA22A31}"
EndProject
Project("{FAE04EC0-301F-11D3-BF4B-00C04F79EFBC}") = "Contracts.Domain", "Contracts.Domain\Contracts.Domain.csproj", "{97C6C933-F44F-46A6-9A2A-ACB6481A724C}"
EndProject
Project("{2150E333-8FDC-42A3-9474-1A3956D46DE8}") = "Domain", "Domain", "{05413A63-C9A2-42D7-8946-EEC68C020C18}"
EndProject
Project("{FAE04EC0-301F-11D3-BF4B-00C04F79EFBC}") = "Contracts.DAL.Base", "Contracts.DAL.Base\Contracts.DAL.Base.csproj", "{D84F23BB-CE2B-4F74-937E-DBCB5977AEA4}"
EndProject
Global
	GlobalSection(SolutionConfigurationPlatforms) = preSolution
		Debug|Any CPU = Debug|Any CPU
		Release|Any CPU = Release|Any CPU
	EndGlobalSection
	GlobalSection(ProjectConfigurationPlatforms) = postSolution
		{15376CE1-E815-43DE-9C03-E973B461ACEC}.Debug|Any CPU.ActiveCfg = Debug|Any CPU
		{15376CE1-E815-43DE-9C03-E973B461ACEC}.Debug|Any CPU.Build.0 = Debug|Any CPU
		{15376CE1-E815-43DE-9C03-E973B461ACEC}.Release|Any CPU.ActiveCfg = Release|Any CPU
		{15376CE1-E815-43DE-9C03-E973B461ACEC}.Release|Any CPU.Build.0 = Release|Any CPU
		{CC48F64F-988B-45FD-BBCD-288EE847530D}.Debug|Any CPU.ActiveCfg = Debug|Any CPU
		{CC48F64F-988B-45FD-BBCD-288EE847530D}.Debug|Any CPU.Build.0 = Debug|Any CPU
		{CC48F64F-988B-45FD-BBCD-288EE847530D}.Release|Any CPU.ActiveCfg = Release|Any CPU
		{CC48F64F-988B-45FD-BBCD-288EE847530D}.Release|Any CPU.Build.0 = Release|Any CPU
		{919F3B09-643F-4E11-8310-44FC15C69E3B}.Debug|Any CPU.ActiveCfg = Debug|Any CPU
		{919F3B09-643F-4E11-8310-44FC15C69E3B}.Debug|Any CPU.Build.0 = Debug|Any CPU
		{919F3B09-643F-4E11-8310-44FC15C69E3B}.Release|Any CPU.ActiveCfg = Release|Any CPU
		{919F3B09-643F-4E11-8310-44FC15C69E3B}.Release|Any CPU.Build.0 = Release|Any CPU
		{C5CEA70E-9A96-4878-821D-97B2CA749F91}.Debug|Any CPU.ActiveCfg = Debug|Any CPU
		{C5CEA70E-9A96-4878-821D-97B2CA749F91}.Debug|Any CPU.Build.0 = Debug|Any CPU
		{C5CEA70E-9A96-4878-821D-97B2CA749F91}.Release|Any CPU.ActiveCfg = Release|Any CPU
		{C5CEA70E-9A96-4878-821D-97B2CA749F91}.Release|Any CPU.Build.0 = Release|Any CPU
		{5FDE7E06-24CB-41A5-A959-67FE935E4E20}.Debug|Any CPU.ActiveCfg = Debug|Any CPU
		{5FDE7E06-24CB-41A5-A959-67FE935E4E20}.Debug|Any CPU.Build.0 = Debug|Any CPU
		{5FDE7E06-24CB-41A5-A959-67FE935E4E20}.Release|Any CPU.ActiveCfg = Release|Any CPU
		{5FDE7E06-24CB-41A5-A959-67FE935E4E20}.Release|Any CPU.Build.0 = Release|Any CPU
		{7D6CF286-BB34-440D-844B-41505EA22A31}.Debug|Any CPU.ActiveCfg = Debug|Any CPU
		{7D6CF286-BB34-440D-844B-41505EA22A31}.Debug|Any CPU.Build.0 = Debug|Any CPU
		{7D6CF286-BB34-440D-844B-41505EA22A31}.Release|Any CPU.ActiveCfg = Release|Any CPU
		{7D6CF286-BB34-440D-844B-41505EA22A31}.Release|Any CPU.Build.0 = Release|Any CPU
		{97C6C933-F44F-46A6-9A2A-ACB6481A724C}.Debug|Any CPU.ActiveCfg = Debug|Any CPU
		{97C6C933-F44F-46A6-9A2A-ACB6481A724C}.Debug|Any CPU.Build.0 = Debug|Any CPU
		{97C6C933-F44F-46A6-9A2A-ACB6481A724C}.Release|Any CPU.ActiveCfg = Release|Any CPU
		{97C6C933-F44F-46A6-9A2A-ACB6481A724C}.Release|Any CPU.Build.0 = Release|Any CPU
		{D84F23BB-CE2B-4F74-937E-DBCB5977AEA4}.Debug|Any CPU.ActiveCfg = Debug|Any CPU
		{D84F23BB-CE2B-4F74-937E-DBCB5977AEA4}.Debug|Any CPU.Build.0 = Debug|Any CPU
		{D84F23BB-CE2B-4F74-937E-DBCB5977AEA4}.Release|Any CPU.ActiveCfg = Release|Any CPU
		{D84F23BB-CE2B-4F74-937E-DBCB5977AEA4}.Release|Any CPU.Build.0 = Release|Any CPU
	EndGlobalSection
	GlobalSection(NestedProjects) = preSolution
		{CC48F64F-988B-45FD-BBCD-288EE847530D} = {5A28D33B-28E5-4287-8B86-A4672B0F7D1F}
		{919F3B09-643F-4E11-8310-44FC15C69E3B} = {5A28D33B-28E5-4287-8B86-A4672B0F7D1F}
		{C5CEA70E-9A96-4878-821D-97B2CA749F91} = {5A28D33B-28E5-4287-8B86-A4672B0F7D1F}
		{5FDE7E06-24CB-41A5-A959-67FE935E4E20} = {05413A63-C9A2-42D7-8946-EEC68C020C18}
		{7D6CF286-BB34-440D-844B-41505EA22A31} = {05413A63-C9A2-42D7-8946-EEC68C020C18}
		{97C6C933-F44F-46A6-9A2A-ACB6481A724C} = {05413A63-C9A2-42D7-8946-EEC68C020C18}
		{D84F23BB-CE2B-4F74-937E-DBCB5977AEA4} = {5A28D33B-28E5-4287-8B86-A4672B0F7D1F}
	EndGlobalSection
EndGlobal
