
Microsoft Visual Studio Solution File, Format Version 12.00
Project("{FAE04EC0-301F-11D3-BF4B-00C04F79EFBC}") = "WebApp", "WebApp\WebApp.csproj", "{A022CD08-8A37-4DC8-8A64-8A0B5732549A}"
EndProject
Project("{FAE04EC0-301F-11D3-BF4B-00C04F79EFBC}") = "Contracts.DAL.Base", "Contracts.DAL.Base\Contracts.DAL.Base.csproj", "{7B0363A6-CC51-4D84-A92C-44F4A808F873}"
EndProject
Project("{FAE04EC0-301F-11D3-BF4B-00C04F79EFBC}") = "Contracts.Domain", "Contracts.Domain\Contracts.Domain.csproj", "{D8D04AC8-1FDE-40A1-9736-6F972AB0A693}"
EndProject
Project("{FAE04EC0-301F-11D3-BF4B-00C04F79EFBC}") = "DAL.App.EF", "DAL.App.EF\DAL.App.EF.csproj", "{1790C1AC-9461-4BDF-9713-F8425E9E720C}"
EndProject
Project("{FAE04EC0-301F-11D3-BF4B-00C04F79EFBC}") = "Domain.Base", "Domain.Base\Domain.Base.csproj", "{1D9F3B95-346D-4813-8B1E-511B763B1D0F}"
EndProject
Project("{FAE04EC0-301F-11D3-BF4B-00C04F79EFBC}") = "Domain.App", "Domain.App\Domain.App.csproj", "{DD35127B-BED9-4267-ABF6-0300D252B3B5}"
EndProject
Project("{FAE04EC0-301F-11D3-BF4B-00C04F79EFBC}") = "DAL.Base", "DAL.Base\DAL.Base.csproj", "{74DF9491-FB1A-41C3-8CCC-6512E436B820}"
EndProject
Project("{FAE04EC0-301F-11D3-BF4B-00C04F79EFBC}") = "DAL.Base.EF", "DAL.Base.EF\DAL.Base.EF.csproj", "{0503BD30-75AE-477F-A26C-077FDDA7DC79}"
EndProject
Project("{2150E333-8FDC-42A3-9474-1A3956D46DE8}") = "DAL", "DAL", "{882447E3-118F-4995-B5D0-1AE0E86566E6}"
EndProject
Project("{2150E333-8FDC-42A3-9474-1A3956D46DE8}") = "Domain", "Domain", "{263FC6B8-09BF-45E3-8C25-F6C39D03C29C}"
EndProject
Project("{FAE04EC0-301F-11D3-BF4B-00C04F79EFBC}") = "DAL.App.DTO", "DAL.App.DTO\DAL.App.DTO.csproj", "{5744C22D-C1ED-49B6-8273-3ECED46C3D4C}"
EndProject
Project("{FAE04EC0-301F-11D3-BF4B-00C04F79EFBC}") = "PublicApi.DTO.v1", "PublicApi.DTO.v1\PublicApi.DTO.v1.csproj", "{1E9D6310-B6C9-4FB0-8566-BAA8705343CC}"
EndProject
Project("{FAE04EC0-301F-11D3-BF4B-00C04F79EFBC}") = "Extensions", "Extensions\Extensions.csproj", "{0911BAB2-2F74-4CC8-91B1-532A333E7658}"
EndProject
Project("{FAE04EC0-301F-11D3-BF4B-00C04F79EFBC}") = "Contracts.DAL.App", "Contracts.DAL.App\Contracts.DAL.App.csproj", "{4D5579DE-3F62-4E62-846D-17CD5AF52C4D}"
EndProject
Project("{FAE04EC0-301F-11D3-BF4B-00C04F79EFBC}") = "Contract.DTO.Base", "Contract.DTO.Base\Contract.DTO.Base.csproj", "{9ACD03DC-301B-44F4-8D5B-A7382F311C51}"
EndProject
Global
	GlobalSection(SolutionConfigurationPlatforms) = preSolution
		Debug|Any CPU = Debug|Any CPU
		Release|Any CPU = Release|Any CPU
	EndGlobalSection
	GlobalSection(ProjectConfigurationPlatforms) = postSolution
		{A022CD08-8A37-4DC8-8A64-8A0B5732549A}.Debug|Any CPU.ActiveCfg = Debug|Any CPU
		{A022CD08-8A37-4DC8-8A64-8A0B5732549A}.Debug|Any CPU.Build.0 = Debug|Any CPU
		{A022CD08-8A37-4DC8-8A64-8A0B5732549A}.Release|Any CPU.ActiveCfg = Release|Any CPU
		{A022CD08-8A37-4DC8-8A64-8A0B5732549A}.Release|Any CPU.Build.0 = Release|Any CPU
		{7B0363A6-CC51-4D84-A92C-44F4A808F873}.Debug|Any CPU.ActiveCfg = Debug|Any CPU
		{7B0363A6-CC51-4D84-A92C-44F4A808F873}.Debug|Any CPU.Build.0 = Debug|Any CPU
		{7B0363A6-CC51-4D84-A92C-44F4A808F873}.Release|Any CPU.ActiveCfg = Release|Any CPU
		{7B0363A6-CC51-4D84-A92C-44F4A808F873}.Release|Any CPU.Build.0 = Release|Any CPU
		{D8D04AC8-1FDE-40A1-9736-6F972AB0A693}.Debug|Any CPU.ActiveCfg = Debug|Any CPU
		{D8D04AC8-1FDE-40A1-9736-6F972AB0A693}.Debug|Any CPU.Build.0 = Debug|Any CPU
		{D8D04AC8-1FDE-40A1-9736-6F972AB0A693}.Release|Any CPU.ActiveCfg = Release|Any CPU
		{D8D04AC8-1FDE-40A1-9736-6F972AB0A693}.Release|Any CPU.Build.0 = Release|Any CPU
		{1790C1AC-9461-4BDF-9713-F8425E9E720C}.Debug|Any CPU.ActiveCfg = Debug|Any CPU
		{1790C1AC-9461-4BDF-9713-F8425E9E720C}.Debug|Any CPU.Build.0 = Debug|Any CPU
		{1790C1AC-9461-4BDF-9713-F8425E9E720C}.Release|Any CPU.ActiveCfg = Release|Any CPU
		{1790C1AC-9461-4BDF-9713-F8425E9E720C}.Release|Any CPU.Build.0 = Release|Any CPU
		{1D9F3B95-346D-4813-8B1E-511B763B1D0F}.Debug|Any CPU.ActiveCfg = Debug|Any CPU
		{1D9F3B95-346D-4813-8B1E-511B763B1D0F}.Debug|Any CPU.Build.0 = Debug|Any CPU
		{1D9F3B95-346D-4813-8B1E-511B763B1D0F}.Release|Any CPU.ActiveCfg = Release|Any CPU
		{1D9F3B95-346D-4813-8B1E-511B763B1D0F}.Release|Any CPU.Build.0 = Release|Any CPU
		{DD35127B-BED9-4267-ABF6-0300D252B3B5}.Debug|Any CPU.ActiveCfg = Debug|Any CPU
		{DD35127B-BED9-4267-ABF6-0300D252B3B5}.Debug|Any CPU.Build.0 = Debug|Any CPU
		{DD35127B-BED9-4267-ABF6-0300D252B3B5}.Release|Any CPU.ActiveCfg = Release|Any CPU
		{DD35127B-BED9-4267-ABF6-0300D252B3B5}.Release|Any CPU.Build.0 = Release|Any CPU
		{74DF9491-FB1A-41C3-8CCC-6512E436B820}.Debug|Any CPU.ActiveCfg = Debug|Any CPU
		{74DF9491-FB1A-41C3-8CCC-6512E436B820}.Debug|Any CPU.Build.0 = Debug|Any CPU
		{74DF9491-FB1A-41C3-8CCC-6512E436B820}.Release|Any CPU.ActiveCfg = Release|Any CPU
		{74DF9491-FB1A-41C3-8CCC-6512E436B820}.Release|Any CPU.Build.0 = Release|Any CPU
		{0503BD30-75AE-477F-A26C-077FDDA7DC79}.Debug|Any CPU.ActiveCfg = Debug|Any CPU
		{0503BD30-75AE-477F-A26C-077FDDA7DC79}.Debug|Any CPU.Build.0 = Debug|Any CPU
		{0503BD30-75AE-477F-A26C-077FDDA7DC79}.Release|Any CPU.ActiveCfg = Release|Any CPU
		{0503BD30-75AE-477F-A26C-077FDDA7DC79}.Release|Any CPU.Build.0 = Release|Any CPU
		{5744C22D-C1ED-49B6-8273-3ECED46C3D4C}.Debug|Any CPU.ActiveCfg = Debug|Any CPU
		{5744C22D-C1ED-49B6-8273-3ECED46C3D4C}.Debug|Any CPU.Build.0 = Debug|Any CPU
		{5744C22D-C1ED-49B6-8273-3ECED46C3D4C}.Release|Any CPU.ActiveCfg = Release|Any CPU
		{5744C22D-C1ED-49B6-8273-3ECED46C3D4C}.Release|Any CPU.Build.0 = Release|Any CPU
		{1E9D6310-B6C9-4FB0-8566-BAA8705343CC}.Debug|Any CPU.ActiveCfg = Debug|Any CPU
		{1E9D6310-B6C9-4FB0-8566-BAA8705343CC}.Debug|Any CPU.Build.0 = Debug|Any CPU
		{1E9D6310-B6C9-4FB0-8566-BAA8705343CC}.Release|Any CPU.ActiveCfg = Release|Any CPU
		{1E9D6310-B6C9-4FB0-8566-BAA8705343CC}.Release|Any CPU.Build.0 = Release|Any CPU
		{0911BAB2-2F74-4CC8-91B1-532A333E7658}.Debug|Any CPU.ActiveCfg = Debug|Any CPU
		{0911BAB2-2F74-4CC8-91B1-532A333E7658}.Debug|Any CPU.Build.0 = Debug|Any CPU
		{0911BAB2-2F74-4CC8-91B1-532A333E7658}.Release|Any CPU.ActiveCfg = Release|Any CPU
		{0911BAB2-2F74-4CC8-91B1-532A333E7658}.Release|Any CPU.Build.0 = Release|Any CPU
		{4D5579DE-3F62-4E62-846D-17CD5AF52C4D}.Debug|Any CPU.ActiveCfg = Debug|Any CPU
		{4D5579DE-3F62-4E62-846D-17CD5AF52C4D}.Debug|Any CPU.Build.0 = Debug|Any CPU
		{4D5579DE-3F62-4E62-846D-17CD5AF52C4D}.Release|Any CPU.ActiveCfg = Release|Any CPU
		{4D5579DE-3F62-4E62-846D-17CD5AF52C4D}.Release|Any CPU.Build.0 = Release|Any CPU
		{9ACD03DC-301B-44F4-8D5B-A7382F311C51}.Debug|Any CPU.ActiveCfg = Debug|Any CPU
		{9ACD03DC-301B-44F4-8D5B-A7382F311C51}.Debug|Any CPU.Build.0 = Debug|Any CPU
		{9ACD03DC-301B-44F4-8D5B-A7382F311C51}.Release|Any CPU.ActiveCfg = Release|Any CPU
		{9ACD03DC-301B-44F4-8D5B-A7382F311C51}.Release|Any CPU.Build.0 = Release|Any CPU
	EndGlobalSection
	GlobalSection(NestedProjects) = preSolution
		{7B0363A6-CC51-4D84-A92C-44F4A808F873} = {882447E3-118F-4995-B5D0-1AE0E86566E6}
		{1790C1AC-9461-4BDF-9713-F8425E9E720C} = {882447E3-118F-4995-B5D0-1AE0E86566E6}
		{0503BD30-75AE-477F-A26C-077FDDA7DC79} = {882447E3-118F-4995-B5D0-1AE0E86566E6}
		{74DF9491-FB1A-41C3-8CCC-6512E436B820} = {882447E3-118F-4995-B5D0-1AE0E86566E6}
		{D8D04AC8-1FDE-40A1-9736-6F972AB0A693} = {263FC6B8-09BF-45E3-8C25-F6C39D03C29C}
		{DD35127B-BED9-4267-ABF6-0300D252B3B5} = {263FC6B8-09BF-45E3-8C25-F6C39D03C29C}
		{1D9F3B95-346D-4813-8B1E-511B763B1D0F} = {263FC6B8-09BF-45E3-8C25-F6C39D03C29C}
		{5744C22D-C1ED-49B6-8273-3ECED46C3D4C} = {882447E3-118F-4995-B5D0-1AE0E86566E6}
		{4D5579DE-3F62-4E62-846D-17CD5AF52C4D} = {882447E3-118F-4995-B5D0-1AE0E86566E6}
	EndGlobalSection
EndGlobal
